{
  "current_commit": "c4f7f3e520048e70bce21422d5e67fe2638922e3",
  "working_tree_dirty": true,
  "source_working_tree_dirty_before_generation": false,
  "generated_at": "2026-09-23T09:52:30Z",
  "scanned_scope": [
    ".githooks/",
    ".github/",
    "app/",
    "data/",
    "docs/ (excluding docs/codemap/)",
    "icon/",
    "procedure_templates/",
    "rem_card/",
    "scripts/",
    "services/",
    "settings/",
    "tests/",
    "ui/",
    "tracked root files"
  ],
  "excluded_directories": [
    ".git",
    ".venv",
    "venv",
    "__pycache__",
    ".pytest_cache",
    ".remcard",
    "build",
    "dist",
    "cache",
    "tmp",
    "logs",
    "node_modules",
    "docs/codemap"
  ],
  "fingerprint_algorithm": {
    "name": "sha256-tracked-path-length-content-v1",
    "description": "For each module, sort included git-tracked paths by repository-relative UTF-8 path; append path, NUL, decimal byte length, NUL, current raw file bytes, NUL; SHA-256 the resulting byte stream. docs/codemap is excluded to avoid self-reference."
  },
  "modules": {
    "(root)": {
      "path": "(root)",
      "status": "updated",
      "file_count": 19,
      "fingerprint": "d18cffd7161bf492d5b6fff918f7b48d9d3f48172ef640524ad91e7ad569d31d"
    },
    ".githooks": {
      "path": ".githooks",
      "status": "unchanged",
      "file_count": 1,
      "fingerprint": "0922b09f0a2e8ac8ce784c6cd7c7d6b41e5b976bfd1ee8cf489b9edc52cdac20"
    },
    ".github": {
      "path": ".github",
      "status": "updated",
      "file_count": 4,
      "fingerprint": "87086dd65cb79720bc84a8056a01da5ec27b37badde15a7eec6521e758e5ca34"
    },
    "app": {
      "path": "app",
      "status": "updated",
      "file_count": 82,
      "fingerprint": "b862c15d9e92eb90d9440e8db427d69ee69ad9bf0d9b77c8c95d5a8897ed4ef5"
    },
    "data": {
      "path": "data",
      "status": "updated",
      "file_count": 40,
      "fingerprint": "ff4cac05aeeea6be2fab95dfc7fbd860e6526a5076fc569add2df1bdc867d032"
    },
    "docs": {
      "path": "docs",
      "status": "updated",
      "file_count": 88,
      "fingerprint": "2fa0393d647538864c914309d6a718eae66d935c222e6e02fec3a832b2bed356"
    },
    "icon": {
      "path": "icon",
      "status": "updated",
      "file_count": 138,
      "fingerprint": "2eefa0446a4775289cf2b8606dd646a3e7a022b895332619b10c4ef495c191e0"
    },
    "procedure_templates": {
      "path": "procedure_templates",
      "status": "unchanged",
      "file_count": 2,
      "fingerprint": "8a4c484d1d40be4b6757e6a671ccbc51d41feaf3d49dfbbcff15f073a6cb1e25"
    },
    "rem_card": {
      "path": "rem_card",
      "status": "unchanged",
      "file_count": 1,
      "fingerprint": "d18fbb421e0a13bf43b354d5fd8e624a78f73f2d650a213a3cd589bcd35b5958"
    },
    "scripts": {
      "path": "scripts",
      "status": "updated",
      "file_count": 61,
      "fingerprint": "a964e53f4069328d659705e3e8a2a60d95fe00ee212fd054c6c3bd0ba5d63d8e"
    },
    "services": {
      "path": "services",
      "status": "updated",
      "file_count": 78,
      "fingerprint": "9e029b38262457c5220703c1ca55ebd6536cf49bdd17c1014b202268bc97ddaf"
    },
    "settings": {
      "path": "settings",
      "status": "updated",
      "file_count": 4,
      "fingerprint": "822fc12ae4e2c8b5e0dea6da30785c3ecc09e85e7155923db0b58b2a3a660268"
    },
    "tests": {
      "path": "tests",
      "status": "updated",
      "file_count": 182,
      "fingerprint": "2020bd2e09b0e25057b5db8f94661b1aa2cb7b2c92db71b8b2b7b6b1dae469cd"
    },
    "translations": {
      "path": "translations",
      "status": "updated",
      "file_count": 1,
      "fingerprint": "431103f17a7d759c870258b2aaebd55b0b44030748aac758261deba9be804be8"
    },
    "ui": {
      "path": "ui",
      "status": "updated",
      "file_count": 269,
      "fingerprint": "111d0cdc179b94bddae8b9d8b1b6db060c1ff52985ea7ce6a73a71c40c2a8b2f"
    }
  }
}
